
Microsoft Visual Studio Solution File, Format Version 12.00
# Visual Studio 15
VisualStudioVersion = 15.0.28307.1082
MinimumVisualStudioVersion = 10.0.40219.1
Project("{FAE04EC0-301F-11D3-BF4B-00C04F79EFBC}") = "OptionPricing", "ConsoleApp1\OptionPricing.csproj", "{8C43FE64-EF80-41EA-B4BA-7D88DE3CB6A5}"
EndProject
Global
	GlobalSection(SolutionConfigurationPlatforms) = preSolution
		Debug|Any CPU = Debug|Any CPU
		Release|Any CPU = Release|Any CPU
	EndGlobalSection
	GlobalSection(ProjectConfigurationPlatforms) = postSolution
		{8C43FE64-EF80-41EA-B4BA-7D88DE3CB6A5}.Debug|Any CPU.ActiveCfg = Debug|Any CPU
		{8C43FE64-EF80-41EA-B4BA-7D88DE3CB6A5}.Debug|Any CPU.Build.0 = Debug|Any CPU
		{8C43FE64-EF80-41EA-B4BA-7D88DE3CB6A5}.Release|Any CPU.ActiveCfg = Release|Any CPU
		{8C43FE64-EF80-41EA-B4BA-7D88DE3CB6A5}.Release|Any CPU.Build.0 = Release|Any CPU
	EndGlobalSection
	GlobalSection(SolutionProperties) = preSolution
		HideSolutionNode = FALSE
	EndGlobalSection
	GlobalSection(ExtensibilityGlobals) = postSolution
		SolutionGuid = {3C60AEDA-8A9E-4072-B745-43E5ABD2721A}
	EndGlobalSection
EndGlobal
